
Microsoft Visual Studio Solution File, Format Version 12.00
# Visual Studio Version 16
VisualStudioVersion = 16.0.31129.286
MinimumVisualStudioVersion = 10.0.40219.1
Project("{FAE04EC0-301F-11D3-BF4B-00C04F79EFBC}") = "ProjectManagement", "ProjectManagement\ProjectManagement.csproj", "{6787C9E4-C16C-4E2B-A347-606D5EE81111}"
EndProject
Global
	GlobalSection(SolutionConfigurationPlatforms) = preSolution
		Debug|Any CPU = Debug|Any CPU
		Release|Any CPU = Release|Any CPU
	EndGlobalSection
	GlobalSection(ProjectConfigurationPlatforms) = postSolution
		{6787C9E4-C16C-4E2B-A347-606D5EE81111}.Debug|Any CPU.ActiveCfg = Debug|Any CPU
		{6787C9E4-C16C-4E2B-A347-606D5EE81111}.Debug|Any CPU.Build.0 = Debug|Any CPU
		{6787C9E4-C16C-4E2B-A347-606D5EE81111}.Release|Any CPU.ActiveCfg = Release|Any CPU
		{6787C9E4-C16C-4E2B-A347-606D5EE81111}.Release|Any CPU.Build.0 = Release|Any CPU
	EndGlobalSection
	GlobalSection(SolutionProperties) = preSolution
		HideSolutionNode = FALSE
	EndGlobalSection
	GlobalSection(ExtensibilityGlobals) = postSolution
		SolutionGuid = {47562D8E-883B-4F49-83CE-3B27ABB5EA97}
	EndGlobalSection
EndGlobal
